
Microsoft Visual Studio Solution File, Format Version 12.00
# Visual Studio Version 17
VisualStudioVersion = 17.6.33712.159
MinimumVisualStudioVersion = 10.0.40219.1
Project("{9A19103F-16F7-4668-BE54-9A1E7A4F7556}") = "PSE.Model", "PSE.Model\PSE.Model.csproj", "{3A9A3CF1-C976-40A9-9A32-6D6E73E73F4F}"
EndProject
Project("{9A19103F-16F7-4668-BE54-9A1E7A4F7556}") = "PSE.Extractor", "PSE.Extractor\PSE.Extractor.csproj", "{B2D29257-CD5F-4230-AED5-EC361350A7C9}"
EndProject
Project("{9A19103F-16F7-4668-BE54-9A1E7A4F7556}") = "PSE.BusinessLogic", "PSE.BusinessLogic\PSE.BusinessLogic.csproj", "{F717446F-3427-4504-98A6-B6BC672E7C89}"
EndProject
Project("{9A19103F-16F7-4668-BE54-9A1E7A4F7556}") = "PSE.Builder", "PSE.Builder\PSE.Builder.csproj", "{53A488AB-E4A1-4A98-BDB4-52E7EA62A523}"
EndProject
Project("{9A19103F-16F7-4668-BE54-9A1E7A4F7556}") = "PSE.Executor", "PSE.Executor\PSE.Executor.csproj", "{F22D89AE-7016-4E75-A7E3-EDCFA55DCF52}"
EndProject
Project("{9A19103F-16F7-4668-BE54-9A1E7A4F7556}") = "PSE.Decoder", "PSE.Decoder\PSE.Decoder.csproj", "{3E2AF2FE-D07A-4049-B4F0-66F294F10A97}"
EndProject
Project("{2150E333-8FDC-42A3-9474-1A3956D46DE8}") = "Presentation", "Presentation", "{EFF1F844-ADC6-496F-8296-9124539AA0CA}"
EndProject
Project("{FAE04EC0-301F-11D3-BF4B-00C04F79EFBC}") = "PSE.WebApi", "PSE.WebApi\PSE.WebApi.csproj", "{4B4FA57E-A11D-48BC-B6FA-EEB36E2755A9}"
EndProject
Global
	GlobalSection(SolutionConfigurationPlatforms) = preSolution
		Debug|Any CPU = Debug|Any CPU
		Release|Any CPU = Release|Any CPU
	EndGlobalSection
	GlobalSection(ProjectConfigurationPlatforms) = postSolution
		{3A9A3CF1-C976-40A9-9A32-6D6E73E73F4F}.Debug|Any CPU.ActiveCfg = Debug|Any CPU
		{3A9A3CF1-C976-40A9-9A32-6D6E73E73F4F}.Debug|Any CPU.Build.0 = Debug|Any CPU
		{3A9A3CF1-C976-40A9-9A32-6D6E73E73F4F}.Release|Any CPU.ActiveCfg = Release|Any CPU
		{3A9A3CF1-C976-40A9-9A32-6D6E73E73F4F}.Release|Any CPU.Build.0 = Release|Any CPU
		{B2D29257-CD5F-4230-AED5-EC361350A7C9}.Debug|Any CPU.ActiveCfg = Debug|Any CPU
		{B2D29257-CD5F-4230-AED5-EC361350A7C9}.Debug|Any CPU.Build.0 = Debug|Any CPU
		{B2D29257-CD5F-4230-AED5-EC361350A7C9}.Release|Any CPU.ActiveCfg = Release|Any CPU
		{B2D29257-CD5F-4230-AED5-EC361350A7C9}.Release|Any CPU.Build.0 = Release|Any CPU
		{F717446F-3427-4504-98A6-B6BC672E7C89}.Debug|Any CPU.ActiveCfg = Debug|Any CPU
		{F717446F-3427-4504-98A6-B6BC672E7C89}.Debug|Any CPU.Build.0 = Debug|Any CPU
		{F717446F-3427-4504-98A6-B6BC672E7C89}.Release|Any CPU.ActiveCfg = Release|Any CPU
		{F717446F-3427-4504-98A6-B6BC672E7C89}.Release|Any CPU.Build.0 = Release|Any CPU
		{53A488AB-E4A1-4A98-BDB4-52E7EA62A523}.Debug|Any CPU.ActiveCfg = Debug|Any CPU
		{53A488AB-E4A1-4A98-BDB4-52E7EA62A523}.Debug|Any CPU.Build.0 = Debug|Any CPU
		{53A488AB-E4A1-4A98-BDB4-52E7EA62A523}.Release|Any CPU.ActiveCfg = Release|Any CPU
		{53A488AB-E4A1-4A98-BDB4-52E7EA62A523}.Release|Any CPU.Build.0 = Release|Any CPU
		{F22D89AE-7016-4E75-A7E3-EDCFA55DCF52}.Debug|Any CPU.ActiveCfg = Debug|Any CPU
		{F22D89AE-7016-4E75-A7E3-EDCFA55DCF52}.Debug|Any CPU.Build.0 = Debug|Any CPU
		{F22D89AE-7016-4E75-A7E3-EDCFA55DCF52}.Release|Any CPU.ActiveCfg = Release|Any CPU
		{F22D89AE-7016-4E75-A7E3-EDCFA55DCF52}.Release|Any CPU.Build.0 = Release|Any CPU
		{3E2AF2FE-D07A-4049-B4F0-66F294F10A97}.Debug|Any CPU.ActiveCfg = Debug|Any CPU
		{3E2AF2FE-D07A-4049-B4F0-66F294F10A97}.Debug|Any CPU.Build.0 = Debug|Any CPU
		{3E2AF2FE-D07A-4049-B4F0-66F294F10A97}.Release|Any CPU.ActiveCfg = Release|Any CPU
		{3E2AF2FE-D07A-4049-B4F0-66F294F10A97}.Release|Any CPU.Build.0 = Release|Any CPU
		{4B4FA57E-A11D-48BC-B6FA-EEB36E2755A9}.Debug|Any CPU.ActiveCfg = Debug|Any CPU
		{4B4FA57E-A11D-48BC-B6FA-EEB36E2755A9}.Debug|Any CPU.Build.0 = Debug|Any CPU
		{4B4FA57E-A11D-48BC-B6FA-EEB36E2755A9}.Release|Any CPU.ActiveCfg = Release|Any CPU
		{4B4FA57E-A11D-48BC-B6FA-EEB36E2755A9}.Release|Any CPU.Build.0 = Release|Any CPU
	EndGlobalSection
	GlobalSection(SolutionProperties) = preSolution
		HideSolutionNode = FALSE
	EndGlobalSection
	GlobalSection(NestedProjects) = preSolution
		{F22D89AE-7016-4E75-A7E3-EDCFA55DCF52} = {EFF1F844-ADC6-496F-8296-9124539AA0CA}
		{4B4FA57E-A11D-48BC-B6FA-EEB36E2755A9} = {EFF1F844-ADC6-496F-8296-9124539AA0CA}
	EndGlobalSection
	GlobalSection(ExtensibilityGlobals) = postSolution
		SolutionGuid = {37642602-C062-4708-8508-8BD6669992EE}
	EndGlobalSection
EndGlobal
